
Microsoft Visual Studio Solution File, Format Version 12.00
# Visual Studio Version 17
VisualStudioVersion = 17.0.31919.166
MinimumVisualStudioVersion = 10.0.40219.1
Project("{FAE04EC0-301F-11D3-BF4B-00C04F79EFBC}") = "simulation vache", "simulation vache\simulation vache.csproj", "{E3B847B2-2698-4E3B-8E0F-C7AEDB537902}"
EndProject
Global
	GlobalSection(SolutionConfigurationPlatforms) = preSolution
		Debug|Any CPU = Debug|Any CPU
		Release|Any CPU = Release|Any CPU
	EndGlobalSection
	GlobalSection(ProjectConfigurationPlatforms) = postSolution
		{E3B847B2-2698-4E3B-8E0F-C7AEDB537902}.Debug|Any CPU.ActiveCfg = Debug|Any CPU
		{E3B847B2-2698-4E3B-8E0F-C7AEDB537902}.Debug|Any CPU.Build.0 = Debug|Any CPU
		{E3B847B2-2698-4E3B-8E0F-C7AEDB537902}.Release|Any CPU.ActiveCfg = Release|Any CPU
		{E3B847B2-2698-4E3B-8E0F-C7AEDB537902}.Release|Any CPU.Build.0 = Release|Any CPU
	EndGlobalSection
	GlobalSection(SolutionProperties) = preSolution
		HideSolutionNode = FALSE
	EndGlobalSection
	GlobalSection(ExtensibilityGlobals) = postSolution
		SolutionGuid = {6B84EA8E-919F-4698-AD7E-94AAA86BB5DC}
	EndGlobalSection
EndGlobal
